// !$*UTF8*$!
{
	archiveVersion = 1;
	classes = {
	};
	objectVersion = 50;
	objects = {

/* Begin PBXBuildFile section */
		770F4FD822E0385C00064C2E /* NSData+UTF.m in Sources */ = {isa = PBXBuildFile; fileRef = 770F4FD722E0385C00064C2E /* NSData+UTF.m */; };
		770F4FDB22E0388B00064C2E /* NSString+UTF.m in Sources */ = {isa = PBXBuildFile; fileRef = 770F4FDA22E0388B00064C2E /* NSString+UTF.m */; };
		77BD836622E70EA1004613FA /* ATAssert.m in Sources */ = {isa = PBXBuildFile; fileRef = 77BD836522E70EA1004613FA /* ATAssert.m */; };
		77BD836C22E7F119004613FA /* Boy.m in Sources */ = {isa = PBXBuildFile; fileRef = 77BD836B22E7F119004613FA /* Boy.m */; };
		77BD836E22E7F145004613FA /* Person.m in Sources */ = {isa = PBXBuildFile; fileRef = 77BD836D22E7F145004613FA /* Person.m */; };
		C117FB5C22A58852008DD8FA /* NSObject+Swizzling.m in Sources */ = {isa = PBXBuildFile; fileRef = C117FB5B22A58852008DD8FA /* NSObject+Swizzling.m */; };
		C1643A6322AC1090000FC405 /* First.cpp in Sources */ = {isa = PBXBuildFile; fileRef = C1643A6122AC1090000FC405 /* First.cpp */; };
		C1643A6622AC10A1000FC405 /* Second.c in Sources */ = {isa = PBXBuildFile; fileRef = C1643A6522AC10A1000FC405 /* Second.c */; };
		C1643A6922B16098000FC405 /* NSObject+Base.m in Sources */ = {isa = PBXBuildFile; fileRef = C1643A6822B16098000FC405 /* NSObject+Base.m */; };
		C176A07122D4E7F200B3451D /* UIControl+Swizzling.m in Sources */ = {isa = PBXBuildFile; fileRef = C176A07022D4E7F200B3451D /* UIControl+Swizzling.m */; };
		C176A07422D4FC9F00B3451D /* NSArray+Swizzling.m in Sources */ = {isa = PBXBuildFile; fileRef = C176A07322D4FC9F00B3451D /* NSArray+Swizzling.m */; };
		C1AD285B225CF03300EE19C6 /* AppDelegate.m in Sources */ = {isa = PBXBuildFile; fileRef = C1AD285A225CF03300EE19C6 /* AppDelegate.m */; };
		C1AD285E225CF03300EE19C6 /* ViewController.m in Sources */ = {isa = PBXBuildFile; fileRef = C1AD285D225CF03300EE19C6 /* ViewController.m */; };
		C1AD2861225CF03300EE19C6 /* Main.storyboard in Resources */ = {isa = PBXBuildFile; fileRef = C1AD285F225CF03300EE19C6 /* Main.storyboard */; };
		C1AD2863225CF03600EE19C6 /* Assets.xcassets in Resources */ = {isa = PBXBuildFile; fileRef = C1AD2862225CF03600EE19C6 /* Assets.xcassets */; };
		C1AD2866225CF03600EE19C6 /* LaunchScreen.storyboard in Resources */ = {isa = PBXBuildFile; fileRef = C1AD2864225CF03600EE19C6 /* LaunchScreen.storyboard */; };
		C1AD2869225CF03600EE19C6 /* main.m in Sources */ = {isa = PBXBuildFile; fileRef = C1AD2868225CF03600EE19C6 /* main.m */; };
/* End PBXBuildFile section */

/* Begin PBXFileReference section */
		770F4FD622E0385C00064C2E /* NSData+UTF.h */ = {isa = PBXFileReference; lastKnownFileType = sourcecode.c.h; path = "NSData+UTF.h"; sourceTree = "<group>"; };
		770F4FD722E0385C00064C2E /* NSData+UTF.m */ = {isa = PBXFileReference; lastKnownFileType = sourcecode.c.objc; path = "NSData+UTF.m"; sourceTree = "<group>"; };
		770F4FD922E0388B00064C2E /* NSString+UTF.h */ = {isa = PBXFileReference; lastKnownFileType = sourcecode.c.h; path = "NSString+UTF.h"; sourceTree = "<group>"; };
		770F4FDA22E0388B00064C2E /* NSString+UTF.m */ = {isa = PBXFileReference; lastKnownFileType = sourcecode.c.objc; path = "NSString+UTF.m"; sourceTree = "<group>"; };
		77BD836422E70EA1004613FA /* ATAssert.h */ = {isa = PBXFileReference; lastKnownFileType = sourcecode.c.h; path = ATAssert.h; sourceTree = "<group>"; };
		77BD836522E70EA1004613FA /* ATAssert.m */ = {isa = PBXFileReference; lastKnownFileType = sourcecode.c.objc; path = ATAssert.m; sourceTree = "<group>"; };
		77BD836722E70EB9004613FA /* ATHeader.h */ = {isa = PBXFileReference; lastKnownFileType = sourcecode.c.h; path = ATHeader.h; sourceTree = "<group>"; };
		77BD836A22E7F119004613FA /* Boy.h */ = {isa = PBXFileReference; lastKnownFileType = sourcecode.c.h; path = Boy.h; sourceTree = "<group>"; };
		77BD836B22E7F119004613FA /* Boy.m */ = {isa = PBXFileReference; lastKnownFileType = sourcecode.c.objc; path = Boy.m; sourceTree = "<group>"; };
		77BD836D22E7F145004613FA /* Person.m */ = {isa = PBXFileReference; fileEncoding = 4; lastKnownFileType = sourcecode.c.objc; path = Person.m; sourceTree = "<group>"; };
		77BD836F22E7F16D004613FA /* Person.h */ = {isa = PBXFileReference; fileEncoding = 4; lastKnownFileType = sourcecode.c.h; path = Person.h; sourceTree = "<group>"; };
		C117FB5A22A58852008DD8FA /* NSObject+Swizzling.h */ = {isa = PBXFileReference; lastKnownFileType = sourcecode.c.h; name = "NSObject+Swizzling.h"; path = "../NSObject+Swizzling.h"; sourceTree = "<group>"; };
		C117FB5B22A58852008DD8FA /* NSObject+Swizzling.m */ = {isa = PBXFileReference; lastKnownFileType = sourcecode.c.objc; name = "NSObject+Swizzling.m"; path = "../NSObject+Swizzling.m"; sourceTree = "<group>"; };
		C1643A6122AC1090000FC405 /* First.cpp */ = {isa = PBXFileReference; lastKnownFileType = sourcecode.cpp.cpp; path = First.cpp; sourceTree = "<group>"; };
		C1643A6222AC1090000FC405 /* First.hpp */ = {isa = PBXFileReference; lastKnownFileType = sourcecode.cpp.h; path = First.hpp; sourceTree = "<group>"; };
		C1643A6422AC10A1000FC405 /* Second.h */ = {isa = PBXFileReference; lastKnownFileType = sourcecode.c.h; path = Second.h; sourceTree = "<group>"; };
		C1643A6522AC10A1000FC405 /* Second.c */ = {isa = PBXFileReference; lastKnownFileType = sourcecode.c.c; path = Second.c; sourceTree = "<group>"; };
		C1643A6722B16098000FC405 /* NSObject+Base.h */ = {isa = PBXFileReference; lastKnownFileType = sourcecode.c.h; path = "NSObject+Base.h"; sourceTree = "<group>"; };
		C1643A6822B16098000FC405 /* NSObject+Base.m */ = {isa = PBXFileReference; lastKnownFileType = sourcecode.c.objc; path = "NSObject+Base.m"; sourceTree = "<group>"; };
		C176A06F22D4E7F200B3451D /* UIControl+Swizzling.h */ = {isa = PBXFileReference; lastKnownFileType = sourcecode.c.h; path = "UIControl+Swizzling.h"; sourceTree = "<group>"; };
		C176A07022D4E7F200B3451D /* UIControl+Swizzling.m */ = {isa = PBXFileReference; lastKnownFileType = sourcecode.c.objc; path = "UIControl+Swizzling.m"; sourceTree = "<group>"; };
		C176A07222D4FC9F00B3451D /* NSArray+Swizzling.h */ = {isa = PBXFileReference; lastKnownFileType = sourcecode.c.h; path = "NSArray+Swizzling.h"; sourceTree = "<group>"; };
		C176A07322D4FC9F00B3451D /* NSArray+Swizzling.m */ = {isa = PBXFileReference; lastKnownFileType = sourcecode.c.objc; path = "NSArray+Swizzling.m"; sourceTree = "<group>"; };
		C1AD2856225CF03300EE19C6 /* RuntimeDemo.app */ = {isa = PBXFileReference; explicitFileType = wrapper.application; includeInIndex = 0; path = RuntimeDemo.app; sourceTree = BUILT_PRODUCTS_DIR; };
		C1AD2859225CF03300EE19C6 /* AppDelegate.h */ = {isa = PBXFileReference; lastKnownFileType = sourcecode.c.h; path = AppDelegate.h; sourceTree = "<group>"; };
		C1AD285A225CF03300EE19C6 /* AppDelegate.m */ = {isa = PBXFileReference; lastKnownFileType = sourcecode.c.objc; path = AppDelegate.m; sourceTree = "<group>"; };
		C1AD285C225CF03300EE19C6 /* ViewController.h */ = {isa = PBXFileReference; lastKnownFileType = sourcecode.c.h; path = ViewController.h; sourceTree = "<group>"; };
		C1AD285D225CF03300EE19C6 /* ViewController.m */ = {isa = PBXFileReference; lastKnownFileType = sourcecode.c.objc; path = ViewController.m; sourceTree = "<group>"; };
		C1AD2860225CF03300EE19C6 /* Base */ = {isa = PBXFileReference; lastKnownFileType = file.storyboard; name = Base; path = Base.lproj/Main.storyboard; sourceTree = "<group>"; };
		C1AD2862225CF03600EE19C6 /* Assets.xcassets */ = {isa = PBXFileReference; lastKnownFileType = folder.assetcatalog; path = Assets.xcassets; sourceTree = "<group>"; };
		C1AD2865225CF03600EE19C6 /* Base */ = {isa = PBXFileReference; lastKnownFileType = file.storyboard; name = Base; path = Base.lproj/LaunchScreen.storyboard; sourceTree = "<group>"; };
		C1AD2867225CF03600EE19C6 /* Info.plist */ = {isa = PBXFileReference; lastKnownFileType = text.plist.xml; path = Info.plist; sourceTree = "<group>"; };
		C1AD2868225CF03600EE19C6 /* main.m */ = {isa = PBXFileReference; lastKnownFileType = sourcecode.c.objc; path = main.m; sourceTree = "<group>"; };
		C1AD286F225CF0F100EE19C6 /* README.md */ = {isa = PBXFileReference; lastKnownFileType = net.daringfireball.markdown; path = README.md; sourceTree = "<group>"; };
/* End PBXFileReference section */

/* Begin PBXFrameworksBuildPhase section */
		C1AD2853225CF03300EE19C6 /* Frameworks */ = {
			isa = PBXFrameworksBuildPhase;
			buildActionMask = 2147483647;
			files = (
			);
			runOnlyForDeploymentPostprocessing = 0;
		};
/* End PBXFrameworksBuildPhase section */

/* Begin PBXGroup section */
		77BD836222E70C8C004613FA /* Runtime */ = {
			isa = PBXGroup;
			children = (
				77BD836F22E7F16D004613FA /* Person.h */,
				77BD836D22E7F145004613FA /* Person.m */,
				77BD836A22E7F119004613FA /* Boy.h */,
				77BD836B22E7F119004613FA /* Boy.m */,
				770F4FD922E0388B00064C2E /* NSString+UTF.h */,
				770F4FDA22E0388B00064C2E /* NSString+UTF.m */,
				770F4FD622E0385C00064C2E /* NSData+UTF.h */,
				770F4FD722E0385C00064C2E /* NSData+UTF.m */,
				C1643A6722B16098000FC405 /* NSObject+Base.h */,
				C1643A6822B16098000FC405 /* NSObject+Base.m */,
				C117FB5A22A58852008DD8FA /* NSObject+Swizzling.h */,
				C117FB5B22A58852008DD8FA /* NSObject+Swizzling.m */,
				C176A06F22D4E7F200B3451D /* UIControl+Swizzling.h */,
				C176A07022D4E7F200B3451D /* UIControl+Swizzling.m */,
				C176A07222D4FC9F00B3451D /* NSArray+Swizzling.h */,
				C176A07322D4FC9F00B3451D /* NSArray+Swizzling.m */,
			);
			path = Runtime;
			sourceTree = "<group>";
		};
		77BD836322E70CA9004613FA /* Assert */ = {
			isa = PBXGroup;
			children = (
				77BD836422E70EA1004613FA /* ATAssert.h */,
				77BD836522E70EA1004613FA /* ATAssert.m */,
				77BD836722E70EB9004613FA /* ATHeader.h */,
			);
			path = Assert;
			sourceTree = "<group>";
		};
		C1AD284D225CF03300EE19C6 = {
			isa = PBXGroup;
			children = (
				C1AD2858225CF03300EE19C6 /* RuntimeDemo */,
				C1AD2857225CF03300EE19C6 /* Products */,
			);
			sourceTree = "<group>";
		};
		C1AD2857225CF03300EE19C6 /* Products */ = {
			isa = PBXGroup;
			children = (
				C1AD2856225CF03300EE19C6 /* RuntimeDemo.app */,
			);
			name = Products;
			sourceTree = "<group>";
		};
		C1AD2858225CF03300EE19C6 /* RuntimeDemo */ = {
			isa = PBXGroup;
			children = (
				C1AD286F225CF0F100EE19C6 /* README.md */,
				C1AD2859225CF03300EE19C6 /* AppDelegate.h */,
				C1AD285A225CF03300EE19C6 /* AppDelegate.m */,
				77BD836322E70CA9004613FA /* Assert */,
				77BD836222E70C8C004613FA /* Runtime */,
				C1643A6422AC10A1000FC405 /* Second.h */,
				C1643A6522AC10A1000FC405 /* Second.c */,
				C1643A6122AC1090000FC405 /* First.cpp */,
				C1643A6222AC1090000FC405 /* First.hpp */,
				C1AD285C225CF03300EE19C6 /* ViewController.h */,
				C1AD285D225CF03300EE19C6 /* ViewController.m */,
				C1AD285F225CF03300EE19C6 /* Main.storyboard */,
				C1AD2862225CF03600EE19C6 /* Assets.xcassets */,
				C1AD2864225CF03600EE19C6 /* LaunchScreen.storyboard */,
				C1AD2867225CF03600EE19C6 /* Info.plist */,
				C1AD2868225CF03600EE19C6 /* main.m */,
			);
			path = RuntimeDemo;
			sourceTree = "<group>";
		};
/* End PBXGroup section */

/* Begin PBXNativeTarget section */
		C1AD2855225CF03300EE19C6 /* RuntimeDemo */ = {
			isa = PBXNativeTarget;
			buildConfigurationList = C1AD286C225CF03600EE19C6 /* Build configuration list for PBXNativeTarget "RuntimeDemo" */;
			buildPhases = (
				C1AD2852225CF03300EE19C6 /* Sources */,
				C1AD2853225CF03300EE19C6 /* Frameworks */,
				C1AD2854225CF03300EE19C6 /* Resources */,
			);
			buildRules = (
			);
			dependencies = (
			);
			name = RuntimeDemo;
			productName = RuntimeDemo;
			productReference = C1AD2856225CF03300EE19C6 /* RuntimeDemo.app */;
			productType = "com.apple.product-type.application";
		};
/* End PBXNativeTarget section */

/* Begin PBXProject section */
		C1AD284E225CF03300EE19C6 /* Project object */ = {
			isa = PBXProject;
			attributes = {
				LastUpgradeCheck = 1020;
				ORGANIZATIONNAME = "刘兵";
				TargetAttributes = {
					C1AD2855225CF03300EE19C6 = {
						CreatedOnToolsVersion = 10.2;
					};
				};
			};
			buildConfigurationList = C1AD2851225CF03300EE19C6 /* Build configuration list for PBXProject "RuntimeDemo" */;
			compatibilityVersion = "Xcode 9.3";
			developmentRegion = en;
			hasScannedForEncodings = 0;
			knownRegions = (
				en,
				Base,
			);
			mainGroup = C1AD284D225CF03300EE19C6;
			productRefGroup = C1AD2857225CF03300EE19C6 /* Products */;
			projectDirPath = "";
			projectRoot = "";
			targets = (
				C1AD2855225CF03300EE19C6 /* RuntimeDemo */,
			);
		};
/* End PBXProject section */

/* Begin PBXResourcesBuildPhase section */
		C1AD2854225CF03300EE19C6 /* Resources */ = {
			isa = PBXResourcesBuildPhase;
			buildActionMask = 2147483647;
			files = (
				C1AD2866225CF03600EE19C6 /* LaunchScreen.storyboard in Resources */,
				C1AD2863225CF03600EE19C6 /* Assets.xcassets in Resources */,
				C1AD2861225CF03300EE19C6 /* Main.storyboard in Resources */,
			);
			runOnlyForDeploymentPostprocessing = 0;
		};
/* End PBXResourcesBuildPhase section */

/* Begin PBXSourcesBuildPhase section */
		C1AD2852225CF03300EE19C6 /* Sources */ = {
			isa = PBXSourcesBuildPhase;
			buildActionMask = 2147483647;
			files = (
				C176A07422D4FC9F00B3451D /* NSArray+Swizzling.m in Sources */,
				C1643A6922B16098000FC405 /* NSObject+Base.m in Sources */,
				77BD836E22E7F145004613FA /* Person.m in Sources */,
				C1AD285E225CF03300EE19C6 /* ViewController.m in Sources */,
				770F4FDB22E0388B00064C2E /* NSString+UTF.m in Sources */,
				C1643A6622AC10A1000FC405 /* Second.c in Sources */,
				770F4FD822E0385C00064C2E /* NSData+UTF.m in Sources */,
				C1AD2869225CF03600EE19C6 /* main.m in Sources */,
				77BD836C22E7F119004613FA /* Boy.m in Sources */,
				77BD836622E70EA1004613FA /* ATAssert.m in Sources */,
				C1AD285B225CF03300EE19C6 /* AppDelegate.m in Sources */,
				C117FB5C22A58852008DD8FA /* NSObject+Swizzling.m in Sources */,
				C176A07122D4E7F200B3451D /* UIControl+Swizzling.m in Sources */,
				C1643A6322AC1090000FC405 /* First.cpp in Sources */,
			);
			runOnlyForDeploymentPostprocessing = 0;
		};
/* End PBXSourcesBuildPhase section */

/* Begin PBXVariantGroup section */
		C1AD285F225CF03300EE19C6 /* Main.storyboard */ = {
			isa = PBXVariantGroup;
			children = (
				C1AD2860225CF03300EE19C6 /* Base */,
			);
			name = Main.storyboard;
			sourceTree = "<group>";
		};
		C1AD2864225CF03600EE19C6 /* LaunchScreen.storyboard */ = {
			isa = PBXVariantGroup;
			children = (
				C1AD2865225CF03600EE19C6 /* Base */,
			);
			name = LaunchScreen.storyboard;
			sourceTree = "<group>";
		};
/* End PBXVariantGroup section */

/* Begin XCBuildConfiguration section */
		C1AD286A225CF03600EE19C6 /* Debug */ = {
			isa = XCBuildConfiguration;
			buildSettings = {
				ALWAYS_SEARCH_USER_PATHS = NO;
				CLANG_ANALYZER_NONNULL = YES;
				CLANG_ANALYZER_NUMBER_OBJECT_CONVERSION = YES_AGGRESSIVE;
				CLANG_CXX_LANGUAGE_STANDARD = "gnu++14";
				CLANG_CXX_LIBRARY = "libc++";
				CLANG_ENABLE_MODULES = YES;
				CLANG_ENABLE_OBJC_ARC = YES;
				CLANG_ENABLE_OBJC_WEAK = YES;
				CLANG_WARN_BLOCK_CAPTURE_AUTORELEASING = YES;
				CLANG_WARN_BOOL_CONVERSION = YES;
				CLANG_WARN_COMMA = YES;
				CLANG_WARN_CONSTANT_CONVERSION = YES;
				CLANG_WARN_DEPRECATED_OBJC_IMPLEMENTATIONS = YES;
				CLANG_WARN_DIRECT_OBJC_ISA_USAGE = YES_ERROR;
				CLANG_WARN_DOCUMENTATION_COMMENTS = YES;
				CLANG_WARN_EMPTY_BODY = YES;
				CLANG_WARN_ENUM_CONVERSION = YES;
				CLANG_WARN_INFINITE_RECURSION = YES;
				CLANG_WARN_INT_CONVERSION = YES;
				CLANG_WARN_NON_LITERAL_NULL_CONVERSION = YES;
				CLANG_WARN_OBJC_IMPLICIT_RETAIN_SELF = YES;
				CLANG_WARN_OBJC_LITERAL_CONVERSION = YES;
				CLANG_WARN_OBJC_ROOT_CLASS = YES_ERROR;
				CLANG_WARN_RANGE_LOOP_ANALYSIS = YES;
				CLANG_WARN_STRICT_PROTOTYPES = YES;
				CLANG_WARN_SUSPICIOUS_MOVE = YES;
				CLANG_WARN_UNGUARDED_AVAILABILITY = YES_AGGRESSIVE;
				CLANG_WARN_UNREACHABLE_CODE = YES;
				CLANG_WARN__DUPLICATE_METHOD_MATCH = YES;
				CODE_SIGN_IDENTITY = "iPhone Developer";
				COPY_PHASE_STRIP = NO;
				DEBUG_INFORMATION_FORMAT = dwarf;
				ENABLE_STRICT_OBJC_MSGSEND = YES;
				ENABLE_TESTABILITY = YES;
				GCC_C_LANGUAGE_STANDARD = gnu11;
				GCC_DYNAMIC_NO_PIC = NO;
				GCC_NO_COMMON_BLOCKS = YES;
				GCC_OPTIMIZATION_LEVEL = 0;
				GCC_PREPROCESSOR_DEFINITIONS = (
					"DEBUG=1",
					"$(inherited)",
				);
				GCC_WARN_64_TO_32_BIT_CONVERSION = YES;
				GCC_WARN_ABOUT_RETURN_TYPE = YES_ERROR;
				GCC_WARN_UNDECLARED_SELECTOR = YES;
				GCC_WARN_UNINITIALIZED_AUTOS = YES_AGGRESSIVE;
				GCC_WARN_UNUSED_FUNCTION = YES;
				GCC_WARN_UNUSED_VARIABLE = YES;
				IPHONEOS_DEPLOYMENT_TARGET = 12.2;
				MTL_ENABLE_DEBUG_INFO = INCLUDE_SOURCE;
				MTL_FAST_MATH = YES;
				ONLY_ACTIVE_ARCH = YES;
				SDKROOT = iphoneos;
			};
			name = Debug;
		};
		C1AD286B225CF03600EE19C6 /* Release */ = {
			isa = XCBuildConfiguration;
			buildSettings = {
				ALWAYS_SEARCH_USER_PATHS = NO;
				CLANG_ANALYZER_NONNULL = YES;
				CLANG_ANALYZER_NUMBER_OBJECT_CONVERSION = YES_AGGRESSIVE;
				CLANG_CXX_LANGUAGE_STANDARD = "gnu++14";
				CLANG_CXX_LIBRARY = "libc++";
				CLANG_ENABLE_MODULES = YES;
				CLANG_ENABLE_OBJC_ARC = YES;
				CLANG_ENABLE_OBJC_WEAK = YES;
				CLANG_WARN_BLOCK_CAPTURE_AUTORELEASING = YES;
				CLANG_WARN_BOOL_CONVERSION = YES;
				CLANG_WARN_COMMA = YES;
				CLANG_WARN_CONSTANT_CONVERSION = YES;
				CLANG_WARN_DEPRECATED_OBJC_IMPLEMENTATIONS = YES;
				CLANG_WARN_DIRECT_OBJC_ISA_USAGE = YES_ERROR;
				CLANG_WARN_DOCUMENTATION_COMMENTS = YES;
				CLANG_WARN_EMPTY_BODY = YES;
				CLANG_WARN_ENUM_CONVERSION = YES;
				CLANG_WARN_INFINITE_RECURSION = YES;
				CLANG_WARN_INT_CONVERSION = YES;
				CLANG_WARN_NON_LITERAL_NULL_CONVERSION = YES;
				CLANG_WARN_OBJC_IMPLICIT_RETAIN_SELF = YES;
				CLANG_WARN_OBJC_LITERAL_CONVERSION = YES;
				CLANG_WARN_OBJC_ROOT_CLASS = YES_ERROR;
				CLANG_WARN_RANGE_LOOP_ANALYSIS = YES;
				CLANG_WARN_STRICT_PROTOTYPES = YES;
				CLANG_WARN_SUSPICIOUS_MOVE = YES;
				CLANG_WARN_UNGUARDED_AVAILABILITY = YES_AGGRESSIVE;
				CLANG_WARN_UNREACHABLE_CODE = YES;
				CLANG_WARN__DUPLICATE_METHOD_MATCH = YES;
				CODE_SIGN_IDENTITY = "iPhone Developer";
				COPY_PHASE_STRIP = NO;
				DEBUG_INFORMATION_FORMAT = "dwarf-with-dsym";
				ENABLE_NS_ASSERTIONS = NO;
				ENABLE_STRICT_OBJC_MSGSEND = YES;
				GCC_C_LANGUAGE_STANDARD = gnu11;
				GCC_NO_COMMON_BLOCKS = YES;
				GCC_WARN_64_TO_32_BIT_CONVERSION = YES;
				GCC_WARN_ABOUT_RETURN_TYPE = YES_ERROR;
				GCC_WARN_UNDECLARED_SELECTOR = YES;
				GCC_WARN_UNINITIALIZED_AUTOS = YES_AGGRESSIVE;
				GCC_WARN_UNUSED_FUNCTION = YES;
				GCC_WARN_UNUSED_VARIABLE = YES;
				IPHONEOS_DEPLOYMENT_TARGET = 12.2;
				MTL_ENABLE_DEBUG_INFO = NO;
				MTL_FAST_MATH = YES;
				SDKROOT = iphoneos;
				VALIDATE_PRODUCT = YES;
			};
			name = Release;
		};
		C1AD286D225CF03600EE19C6 /* Debug */ = {
			isa = XCBuildConfiguration;
			buildSettings = {
				ASSETCATALOG_COMPILER_APPICON_NAME = AppIcon;
				CODE_SIGN_STYLE = Automatic;
				DEVELOPMENT_TEAM = VR5MBMQMJ9;
				INFOPLIST_FILE = RuntimeDemo/Info.plist;
				LD_RUNPATH_SEARCH_PATHS = (
					"$(inherited)",
					"@executable_path/Frameworks",
				);
				PRODUCT_BUNDLE_IDENTIFIER = com.lb369.RuntimeDemo;
				PRODUCT_NAME = "$(TARGET_NAME)";
				TARGETED_DEVICE_FAMILY = "1,2";
			};
			name = Debug;
		};
		C1AD286E225CF03600EE19C6 /* Release */ = {
			isa = XCBuildConfiguration;
			buildSettings = {
				ASSETCATALOG_COMPILER_APPICON_NAME = AppIcon;
				CODE_SIGN_STYLE = Automatic;
				DEVELOPMENT_TEAM = VR5MBMQMJ9;
				INFOPLIST_FILE = RuntimeDemo/Info.plist;
				LD_RUNPATH_SEARCH_PATHS = (
					"$(inherited)",
					"@executable_path/Frameworks",
				);
				PRODUCT_BUNDLE_IDENTIFIER = com.lb369.RuntimeDemo;
				PRODUCT_NAME = "$(TARGET_NAME)";
				TARGETED_DEVICE_FAMILY = "1,2";
			};
			name = Release;
		};
/* End XCBuildConfiguration section */

/* Begin XCConfigurationList section */
		C1AD2851225CF03300EE19C6 /* Build configuration list for PBXProject "RuntimeDemo" */ = {
			isa = XCConfigurationList;
			buildConfigurations = (
				C1AD286A225CF03600EE19C6 /* Debug */,
				C1AD286B225CF03600EE19C6 /* Release */,
			);
			defaultConfigurationIsVisible = 0;
			defaultConfigurationName = Release;
		};
		C1AD286C225CF03600EE19C6 /* Build configuration list for PBXNativeTarget "RuntimeDemo" */ = {
			isa = XCConfigurationList;
			buildConfigurations = (
				C1AD286D225CF03600EE19C6 /* Debug */,
				C1AD286E225CF03600EE19C6 /* Release */,
			);
			defaultConfigurationIsVisible = 0;
			defaultConfigurationName = Release;
		};
/* End XCConfigurationList section */
	};
	rootObject = C1AD284E225CF03300EE19C6 /* Project object */;
}
