// !$*UTF8*$!
{
	archiveVersion = 1;
	classes = {
	};
	objectVersion = 50;
	objects = {

/* Begin PBXBuildFile section */
		775B970921F8686200B95316 /* AppDelegate.swift in Sources */ = {isa = PBXBuildFile; fileRef = 775B970821F8686200B95316 /* AppDelegate.swift */; };
		775B970B21F8686200B95316 /* ViewController.swift in Sources */ = {isa = PBXBuildFile; fileRef = 775B970A21F8686200B95316 /* ViewController.swift */; };
		775B970E21F8686200B95316 /* Main.storyboard in Resources */ = {isa = PBXBuildFile; fileRef = 775B970C21F8686200B95316 /* Main.storyboard */; };
		775B971021F8686400B95316 /* Assets.xcassets in Resources */ = {isa = PBXBuildFile; fileRef = 775B970F21F8686400B95316 /* Assets.xcassets */; };
		775B971321F8686400B95316 /* LaunchScreen.storyboard in Resources */ = {isa = PBXBuildFile; fileRef = 775B971121F8686400B95316 /* LaunchScreen.storyboard */; };
		775B971D21F9998A00B95316 /* YZFimg@2x.png in Resources */ = {isa = PBXBuildFile; fileRef = 775B971C21F9998A00B95316 /* YZFimg@2x.png */; };
		776152E721F9C5B100DD597B /* UIApplication+NotificationHandler.swift in Sources */ = {isa = PBXBuildFile; fileRef = 776152E621F9C5B100DD597B /* UIApplication+NotificationHandler.swift */; };
		776152E921F9C5FE00DD597B /* NotificationHandler.swift in Sources */ = {isa = PBXBuildFile; fileRef = 776152E821F9C5FE00DD597B /* NotificationHandler.swift */; };
/* End PBXBuildFile section */

/* Begin PBXFileReference section */
		775B970521F8686200B95316 /* UNDemo.app */ = {isa = PBXFileReference; explicitFileType = wrapper.application; includeInIndex = 0; path = UNDemo.app; sourceTree = BUILT_PRODUCTS_DIR; };
		775B970821F8686200B95316 /* AppDelegate.swift */ = {isa = PBXFileReference; lastKnownFileType = sourcecode.swift; path = AppDelegate.swift; sourceTree = "<group>"; };
		775B970A21F8686200B95316 /* ViewController.swift */ = {isa = PBXFileReference; lastKnownFileType = sourcecode.swift; path = ViewController.swift; sourceTree = "<group>"; };
		775B970D21F8686200B95316 /* Base */ = {isa = PBXFileReference; lastKnownFileType = file.storyboard; name = Base; path = Base.lproj/Main.storyboard; sourceTree = "<group>"; };
		775B970F21F8686400B95316 /* Assets.xcassets */ = {isa = PBXFileReference; lastKnownFileType = folder.assetcatalog; path = Assets.xcassets; sourceTree = "<group>"; };
		775B971221F8686400B95316 /* Base */ = {isa = PBXFileReference; lastKnownFileType = file.storyboard; name = Base; path = Base.lproj/LaunchScreen.storyboard; sourceTree = "<group>"; };
		775B971421F8686400B95316 /* Info.plist */ = {isa = PBXFileReference; lastKnownFileType = text.plist.xml; path = Info.plist; sourceTree = "<group>"; };
		775B971C21F9998A00B95316 /* YZFimg@2x.png */ = {isa = PBXFileReference; lastKnownFileType = image.png; path = "YZFimg@2x.png"; sourceTree = "<group>"; };
		776152E321F9B9B000DD597B /* UNDemo.entitlements */ = {isa = PBXFileReference; lastKnownFileType = text.plist.entitlements; path = UNDemo.entitlements; sourceTree = "<group>"; };
		776152E621F9C5B100DD597B /* UIApplication+NotificationHandler.swift */ = {isa = PBXFileReference; lastKnownFileType = sourcecode.swift; path = "UIApplication+NotificationHandler.swift"; sourceTree = "<group>"; };
		776152E821F9C5FE00DD597B /* NotificationHandler.swift */ = {isa = PBXFileReference; fileEncoding = 4; lastKnownFileType = sourcecode.swift; path = NotificationHandler.swift; sourceTree = "<group>"; };
/* End PBXFileReference section */

/* Begin PBXFrameworksBuildPhase section */
		775B970221F8686200B95316 /* Frameworks */ = {
			isa = PBXFrameworksBuildPhase;
			buildActionMask = 2147483647;
			files = (
			);
			runOnlyForDeploymentPostprocessing = 0;
		};
/* End PBXFrameworksBuildPhase section */

/* Begin PBXGroup section */
		775B96FC21F8686200B95316 = {
			isa = PBXGroup;
			children = (
				775B970721F8686200B95316 /* UNDemo */,
				775B970621F8686200B95316 /* Products */,
			);
			sourceTree = "<group>";
		};
		775B970621F8686200B95316 /* Products */ = {
			isa = PBXGroup;
			children = (
				775B970521F8686200B95316 /* UNDemo.app */,
			);
			name = Products;
			sourceTree = "<group>";
		};
		775B970721F8686200B95316 /* UNDemo */ = {
			isa = PBXGroup;
			children = (
				776152E321F9B9B000DD597B /* UNDemo.entitlements */,
				775B971C21F9998A00B95316 /* YZFimg@2x.png */,
				775B970821F8686200B95316 /* AppDelegate.swift */,
				776152E621F9C5B100DD597B /* UIApplication+NotificationHandler.swift */,
				775B970A21F8686200B95316 /* ViewController.swift */,
				776152E821F9C5FE00DD597B /* NotificationHandler.swift */,
				775B970C21F8686200B95316 /* Main.storyboard */,
				775B970F21F8686400B95316 /* Assets.xcassets */,
				775B971121F8686400B95316 /* LaunchScreen.storyboard */,
				775B971421F8686400B95316 /* Info.plist */,
			);
			path = UNDemo;
			sourceTree = "<group>";
		};
/* End PBXGroup section */

/* Begin PBXNativeTarget section */
		775B970421F8686200B95316 /* UNDemo */ = {
			isa = PBXNativeTarget;
			buildConfigurationList = 775B971721F8686400B95316 /* Build configuration list for PBXNativeTarget "UNDemo" */;
			buildPhases = (
				775B970121F8686200B95316 /* Sources */,
				775B970221F8686200B95316 /* Frameworks */,
				775B970321F8686200B95316 /* Resources */,
			);
			buildRules = (
			);
			dependencies = (
			);
			name = UNDemo;
			productName = UNDemo;
			productReference = 775B970521F8686200B95316 /* UNDemo.app */;
			productType = "com.apple.product-type.application";
		};
/* End PBXNativeTarget section */

/* Begin PBXProject section */
		775B96FD21F8686200B95316 /* Project object */ = {
			isa = PBXProject;
			attributes = {
				LastSwiftUpdateCheck = 1010;
				LastUpgradeCheck = 1010;
				ORGANIZATIONNAME = tingting;
				TargetAttributes = {
					775B970421F8686200B95316 = {
						CreatedOnToolsVersion = 10.1;
						SystemCapabilities = {
							com.apple.Push = {
								enabled = 1;
							};
						};
					};
				};
			};
			buildConfigurationList = 775B970021F8686200B95316 /* Build configuration list for PBXProject "UNDemo" */;
			compatibilityVersion = "Xcode 9.3";
			developmentRegion = en;
			hasScannedForEncodings = 0;
			knownRegions = (
				en,
				Base,
			);
			mainGroup = 775B96FC21F8686200B95316;
			productRefGroup = 775B970621F8686200B95316 /* Products */;
			projectDirPath = "";
			projectRoot = "";
			targets = (
				775B970421F8686200B95316 /* UNDemo */,
			);
		};
/* End PBXProject section */

/* Begin PBXResourcesBuildPhase section */
		775B970321F8686200B95316 /* Resources */ = {
			isa = PBXResourcesBuildPhase;
			buildActionMask = 2147483647;
			files = (
				775B971D21F9998A00B95316 /* YZFimg@2x.png in Resources */,
				775B971321F8686400B95316 /* LaunchScreen.storyboard in Resources */,
				775B971021F8686400B95316 /* Assets.xcassets in Resources */,
				775B970E21F8686200B95316 /* Main.storyboard in Resources */,
			);
			runOnlyForDeploymentPostprocessing = 0;
		};
/* End PBXResourcesBuildPhase section */

/* Begin PBXSourcesBuildPhase section */
		775B970121F8686200B95316 /* Sources */ = {
			isa = PBXSourcesBuildPhase;
			buildActionMask = 2147483647;
			files = (
				776152E721F9C5B100DD597B /* UIApplication+NotificationHandler.swift in Sources */,
				776152E921F9C5FE00DD597B /* NotificationHandler.swift in Sources */,
				775B970B21F8686200B95316 /* ViewController.swift in Sources */,
				775B970921F8686200B95316 /* AppDelegate.swift in Sources */,
			);
			runOnlyForDeploymentPostprocessing = 0;
		};
/* End PBXSourcesBuildPhase section */

/* Begin PBXVariantGroup section */
		775B970C21F8686200B95316 /* Main.storyboard */ = {
			isa = PBXVariantGroup;
			children = (
				775B970D21F8686200B95316 /* Base */,
			);
			name = Main.storyboard;
			sourceTree = "<group>";
		};
		775B971121F8686400B95316 /* LaunchScreen.storyboard */ = {
			isa = PBXVariantGroup;
			children = (
				775B971221F8686400B95316 /* Base */,
			);
			name = LaunchScreen.storyboard;
			sourceTree = "<group>";
		};
/* End PBXVariantGroup section */

/* Begin XCBuildConfiguration section */
		775B971521F8686400B95316 /* Debug */ = {
			isa = XCBuildConfiguration;
			buildSettings = {
				ALWAYS_SEARCH_USER_PATHS = NO;
				CLANG_ANALYZER_NONNULL = YES;
				CLANG_ANALYZER_NUMBER_OBJECT_CONVERSION = YES_AGGRESSIVE;
				CLANG_CXX_LANGUAGE_STANDARD = "gnu++14";
				CLANG_CXX_LIBRARY = "libc++";
				CLANG_ENABLE_MODULES = YES;
				CLANG_ENABLE_OBJC_ARC = YES;
				CLANG_ENABLE_OBJC_WEAK = YES;
				CLANG_WARN_BLOCK_CAPTURE_AUTORELEASING = YES;
				CLANG_WARN_BOOL_CONVERSION = YES;
				CLANG_WARN_COMMA = YES;
				CLANG_WARN_CONSTANT_CONVERSION = YES;
				CLANG_WARN_DEPRECATED_OBJC_IMPLEMENTATIONS = YES;
				CLANG_WARN_DIRECT_OBJC_ISA_USAGE = YES_ERROR;
				CLANG_WARN_DOCUMENTATION_COMMENTS = YES;
				CLANG_WARN_EMPTY_BODY = YES;
				CLANG_WARN_ENUM_CONVERSION = YES;
				CLANG_WARN_INFINITE_RECURSION = YES;
				CLANG_WARN_INT_CONVERSION = YES;
				CLANG_WARN_NON_LITERAL_NULL_CONVERSION = YES;
				CLANG_WARN_OBJC_IMPLICIT_RETAIN_SELF = YES;
				CLANG_WARN_OBJC_LITERAL_CONVERSION = YES;
				CLANG_WARN_OBJC_ROOT_CLASS = YES_ERROR;
				CLANG_WARN_RANGE_LOOP_ANALYSIS = YES;
				CLANG_WARN_STRICT_PROTOTYPES = YES;
				CLANG_WARN_SUSPICIOUS_MOVE = YES;
				CLANG_WARN_UNGUARDED_AVAILABILITY = YES_AGGRESSIVE;
				CLANG_WARN_UNREACHABLE_CODE = YES;
				CLANG_WARN__DUPLICATE_METHOD_MATCH = YES;
				CODE_SIGN_IDENTITY = "iPhone Developer";
				COPY_PHASE_STRIP = NO;
				DEBUG_INFORMATION_FORMAT = dwarf;
				ENABLE_STRICT_OBJC_MSGSEND = YES;
				ENABLE_TESTABILITY = YES;
				GCC_C_LANGUAGE_STANDARD = gnu11;
				GCC_DYNAMIC_NO_PIC = NO;
				GCC_NO_COMMON_BLOCKS = YES;
				GCC_OPTIMIZATION_LEVEL = 0;
				GCC_PREPROCESSOR_DEFINITIONS = (
					"DEBUG=1",
					"$(inherited)",
				);
				GCC_WARN_64_TO_32_BIT_CONVERSION = YES;
				GCC_WARN_ABOUT_RETURN_TYPE = YES_ERROR;
				GCC_WARN_UNDECLARED_SELECTOR = YES;
				GCC_WARN_UNINITIALIZED_AUTOS = YES_AGGRESSIVE;
				GCC_WARN_UNUSED_FUNCTION = YES;
				GCC_WARN_UNUSED_VARIABLE = YES;
				IPHONEOS_DEPLOYMENT_TARGET = 12.1;
				MTL_ENABLE_DEBUG_INFO = INCLUDE_SOURCE;
				MTL_FAST_MATH = YES;
				ONLY_ACTIVE_ARCH = YES;
				SDKROOT = iphoneos;
				SWIFT_ACTIVE_COMPILATION_CONDITIONS = DEBUG;
				SWIFT_OPTIMIZATION_LEVEL = "-Onone";
			};
			name = Debug;
		};
		775B971621F8686400B95316 /* Release */ = {
			isa = XCBuildConfiguration;
			buildSettings = {
				ALWAYS_SEARCH_USER_PATHS = NO;
				CLANG_ANALYZER_NONNULL = YES;
				CLANG_ANALYZER_NUMBER_OBJECT_CONVERSION = YES_AGGRESSIVE;
				CLANG_CXX_LANGUAGE_STANDARD = "gnu++14";
				CLANG_CXX_LIBRARY = "libc++";
				CLANG_ENABLE_MODULES = YES;
				CLANG_ENABLE_OBJC_ARC = YES;
				CLANG_ENABLE_OBJC_WEAK = YES;
				CLANG_WARN_BLOCK_CAPTURE_AUTORELEASING = YES;
				CLANG_WARN_BOOL_CONVERSION = YES;
				CLANG_WARN_COMMA = YES;
				CLANG_WARN_CONSTANT_CONVERSION = YES;
				CLANG_WARN_DEPRECATED_OBJC_IMPLEMENTATIONS = YES;
				CLANG_WARN_DIRECT_OBJC_ISA_USAGE = YES_ERROR;
				CLANG_WARN_DOCUMENTATION_COMMENTS = YES;
				CLANG_WARN_EMPTY_BODY = YES;
				CLANG_WARN_ENUM_CONVERSION = YES;
				CLANG_WARN_INFINITE_RECURSION = YES;
				CLANG_WARN_INT_CONVERSION = YES;
				CLANG_WARN_NON_LITERAL_NULL_CONVERSION = YES;
				CLANG_WARN_OBJC_IMPLICIT_RETAIN_SELF = YES;
				CLANG_WARN_OBJC_LITERAL_CONVERSION = YES;
				CLANG_WARN_OBJC_ROOT_CLASS = YES_ERROR;
				CLANG_WARN_RANGE_LOOP_ANALYSIS = YES;
				CLANG_WARN_STRICT_PROTOTYPES = YES;
				CLANG_WARN_SUSPICIOUS_MOVE = YES;
				CLANG_WARN_UNGUARDED_AVAILABILITY = YES_AGGRESSIVE;
				CLANG_WARN_UNREACHABLE_CODE = YES;
				CLANG_WARN__DUPLICATE_METHOD_MATCH = YES;
				CODE_SIGN_IDENTITY = "iPhone Developer";
				COPY_PHASE_STRIP = NO;
				DEBUG_INFORMATION_FORMAT = "dwarf-with-dsym";
				ENABLE_NS_ASSERTIONS = NO;
				ENABLE_STRICT_OBJC_MSGSEND = YES;
				GCC_C_LANGUAGE_STANDARD = gnu11;
				GCC_NO_COMMON_BLOCKS = YES;
				GCC_WARN_64_TO_32_BIT_CONVERSION = YES;
				GCC_WARN_ABOUT_RETURN_TYPE = YES_ERROR;
				GCC_WARN_UNDECLARED_SELECTOR = YES;
				GCC_WARN_UNINITIALIZED_AUTOS = YES_AGGRESSIVE;
				GCC_WARN_UNUSED_FUNCTION = YES;
				GCC_WARN_UNUSED_VARIABLE = YES;
				IPHONEOS_DEPLOYMENT_TARGET = 12.1;
				MTL_ENABLE_DEBUG_INFO = NO;
				MTL_FAST_MATH = YES;
				SDKROOT = iphoneos;
				SWIFT_COMPILATION_MODE = wholemodule;
				SWIFT_OPTIMIZATION_LEVEL = "-O";
				VALIDATE_PRODUCT = YES;
			};
			name = Release;
		};
		775B971821F8686400B95316 /* Debug */ = {
			isa = XCBuildConfiguration;
			buildSettings = {
				ASSETCATALOG_COMPILER_APPICON_NAME = AppIcon;
				CODE_SIGN_ENTITLEMENTS = UNDemo/UNDemo.entitlements;
				CODE_SIGN_IDENTITY = "iPhone Developer";
				CODE_SIGN_STYLE = Automatic;
				DEVELOPMENT_TEAM = "";
				INFOPLIST_FILE = UNDemo/Info.plist;
				LD_RUNPATH_SEARCH_PATHS = (
					"$(inherited)",
					"@executable_path/Frameworks",
				);
				PRODUCT_BUNDLE_IDENTIFIER = cn.lb369.com.UNDemo;
				PRODUCT_NAME = "$(TARGET_NAME)";
				PROVISIONING_PROFILE_SPECIFIER = "";
				SWIFT_VERSION = 4.2;
				TARGETED_DEVICE_FAMILY = "1,2";
			};
			name = Debug;
		};
		775B971921F8686400B95316 /* Release */ = {
			isa = XCBuildConfiguration;
			buildSettings = {
				ASSETCATALOG_COMPILER_APPICON_NAME = AppIcon;
				CODE_SIGN_ENTITLEMENTS = UNDemo/UNDemo.entitlements;
				CODE_SIGN_IDENTITY = "iPhone Developer";
				CODE_SIGN_STYLE = Automatic;
				DEVELOPMENT_TEAM = "";
				INFOPLIST_FILE = UNDemo/Info.plist;
				LD_RUNPATH_SEARCH_PATHS = (
					"$(inherited)",
					"@executable_path/Frameworks",
				);
				PRODUCT_BUNDLE_IDENTIFIER = cn.lb369.com.UNDemo;
				PRODUCT_NAME = "$(TARGET_NAME)";
				PROVISIONING_PROFILE_SPECIFIER = "";
				SWIFT_VERSION = 4.2;
				TARGETED_DEVICE_FAMILY = "1,2";
			};
			name = Release;
		};
/* End XCBuildConfiguration section */

/* Begin XCConfigurationList section */
		775B970021F8686200B95316 /* Build configuration list for PBXProject "UNDemo" */ = {
			isa = XCConfigurationList;
			buildConfigurations = (
				775B971521F8686400B95316 /* Debug */,
				775B971621F8686400B95316 /* Release */,
			);
			defaultConfigurationIsVisible = 0;
			defaultConfigurationName = Release;
		};
		775B971721F8686400B95316 /* Build configuration list for PBXNativeTarget "UNDemo" */ = {
			isa = XCConfigurationList;
			buildConfigurations = (
				775B971821F8686400B95316 /* Debug */,
				775B971921F8686400B95316 /* Release */,
			);
			defaultConfigurationIsVisible = 0;
			defaultConfigurationName = Release;
		};
/* End XCConfigurationList section */
	};
	rootObject = 775B96FD21F8686200B95316 /* Project object */;
}
