// !$*UTF8*$!
{
	archiveVersion = 1;
	classes = {
	};
	objectVersion = 46;
	objects = {

/* Begin PBXBuildFile section */
		1F19343D978025B9C1E1DAAB /* libPods-CocoaPodsDemo.a in Frameworks */ = {isa = PBXBuildFile; fileRef = F0A62C8CB304CEA5B713AFD6 /* libPods-CocoaPodsDemo.a */; };
		BE2ACD801D00469E005AFB0C /* main.m in Sources */ = {isa = PBXBuildFile; fileRef = BE2ACD7F1D00469E005AFB0C /* main.m */; };
		BE2ACD831D00469E005AFB0C /* AppDelegate.m in Sources */ = {isa = PBXBuildFile; fileRef = BE2ACD821D00469E005AFB0C /* AppDelegate.m */; };
		BE2ACD861D00469E005AFB0C /* ViewController.m in Sources */ = {isa = PBXBuildFile; fileRef = BE2ACD851D00469E005AFB0C /* ViewController.m */; };
		BE2ACD891D00469E005AFB0C /* Main.storyboard in Resources */ = {isa = PBXBuildFile; fileRef = BE2ACD871D00469E005AFB0C /* Main.storyboard */; };
		BE2ACD8B1D00469E005AFB0C /* Assets.xcassets in Resources */ = {isa = PBXBuildFile; fileRef = BE2ACD8A1D00469E005AFB0C /* Assets.xcassets */; };
		BE2ACD8E1D00469E005AFB0C /* LaunchScreen.storyboard in Resources */ = {isa = PBXBuildFile; fileRef = BE2ACD8C1D00469E005AFB0C /* LaunchScreen.storyboard */; };
/* End PBXBuildFile section */

/* Begin PBXFileReference section */
		3D4E413962968A0340647CF8 /* Pods-CocoaPodsDemo.debug.xcconfig */ = {isa = PBXFileReference; includeInIndex = 1; lastKnownFileType = text.xcconfig; name = "Pods-CocoaPodsDemo.debug.xcconfig"; path = "Pods/Target Support Files/Pods-CocoaPodsDemo/Pods-CocoaPodsDemo.debug.xcconfig"; sourceTree = "<group>"; };
		4CE800CBFA09A196A92C6D48 /* Pods-CocoaPodsDemo.release.xcconfig */ = {isa = PBXFileReference; includeInIndex = 1; lastKnownFileType = text.xcconfig; name = "Pods-CocoaPodsDemo.release.xcconfig"; path = "Pods/Target Support Files/Pods-CocoaPodsDemo/Pods-CocoaPodsDemo.release.xcconfig"; sourceTree = "<group>"; };
		BE2ACD7B1D00469E005AFB0C /* CocoaPodsDemo.app */ = {isa = PBXFileReference; explicitFileType = wrapper.application; includeInIndex = 0; path = CocoaPodsDemo.app; sourceTree = BUILT_PRODUCTS_DIR; };
		BE2ACD7F1D00469E005AFB0C /* main.m */ = {isa = PBXFileReference; lastKnownFileType = sourcecode.c.objc; path = main.m; sourceTree = "<group>"; };
		BE2ACD811D00469E005AFB0C /* AppDelegate.h */ = {isa = PBXFileReference; lastKnownFileType = sourcecode.c.h; path = AppDelegate.h; sourceTree = "<group>"; };
		BE2ACD821D00469E005AFB0C /* AppDelegate.m */ = {isa = PBXFileReference; lastKnownFileType = sourcecode.c.objc; path = AppDelegate.m; sourceTree = "<group>"; };
		BE2ACD841D00469E005AFB0C /* ViewController.h */ = {isa = PBXFileReference; lastKnownFileType = sourcecode.c.h; path = ViewController.h; sourceTree = "<group>"; };
		BE2ACD851D00469E005AFB0C /* ViewController.m */ = {isa = PBXFileReference; lastKnownFileType = sourcecode.c.objc; path = ViewController.m; sourceTree = "<group>"; };
		BE2ACD881D00469E005AFB0C /* Base */ = {isa = PBXFileReference; lastKnownFileType = file.storyboard; name = Base; path = Base.lproj/Main.storyboard; sourceTree = "<group>"; };
		BE2ACD8A1D00469E005AFB0C /* Assets.xcassets */ = {isa = PBXFileReference; lastKnownFileType = folder.assetcatalog; path = Assets.xcassets; sourceTree = "<group>"; };
		BE2ACD8D1D00469E005AFB0C /* Base */ = {isa = PBXFileReference; lastKnownFileType = file.storyboard; name = Base; path = Base.lproj/LaunchScreen.storyboard; sourceTree = "<group>"; };
		BE2ACD8F1D00469E005AFB0C /* Info.plist */ = {isa = PBXFileReference; lastKnownFileType = text.plist.xml; path = Info.plist; sourceTree = "<group>"; };
		F0A62C8CB304CEA5B713AFD6 /* libPods-CocoaPodsDemo.a */ = {isa = PBXFileReference; explicitFileType = archive.ar; includeInIndex = 0; path = "libPods-CocoaPodsDemo.a"; sourceTree = BUILT_PRODUCTS_DIR; };
/* End PBXFileReference section */

/* Begin PBXFrameworksBuildPhase section */
		BE2ACD781D00469E005AFB0C /* Frameworks */ = {
			isa = PBXFrameworksBuildPhase;
			buildActionMask = 2147483647;
			files = (
				1F19343D978025B9C1E1DAAB /* libPods-CocoaPodsDemo.a in Frameworks */,
			);
			runOnlyForDeploymentPostprocessing = 0;
		};
/* End PBXFrameworksBuildPhase section */

/* Begin PBXGroup section */
		47D364C538213F36049F4F4E /* Frameworks */ = {
			isa = PBXGroup;
			children = (
				F0A62C8CB304CEA5B713AFD6 /* libPods-CocoaPodsDemo.a */,
			);
			name = Frameworks;
			sourceTree = "<group>";
		};
		8FF9655F8F9849BAADE033AE /* Pods */ = {
			isa = PBXGroup;
			children = (
				3D4E413962968A0340647CF8 /* Pods-CocoaPodsDemo.debug.xcconfig */,
				4CE800CBFA09A196A92C6D48 /* Pods-CocoaPodsDemo.release.xcconfig */,
			);
			name = Pods;
			sourceTree = "<group>";
		};
		BE2ACD721D00469E005AFB0C = {
			isa = PBXGroup;
			children = (
				BE2ACD7D1D00469E005AFB0C /* CocoaPodsDemo */,
				BE2ACD7C1D00469E005AFB0C /* Products */,
				8FF9655F8F9849BAADE033AE /* Pods */,
				47D364C538213F36049F4F4E /* Frameworks */,
			);
			sourceTree = "<group>";
		};
		BE2ACD7C1D00469E005AFB0C /* Products */ = {
			isa = PBXGroup;
			children = (
				BE2ACD7B1D00469E005AFB0C /* CocoaPodsDemo.app */,
			);
			name = Products;
			sourceTree = "<group>";
		};
		BE2ACD7D1D00469E005AFB0C /* CocoaPodsDemo */ = {
			isa = PBXGroup;
			children = (
				BE2ACD811D00469E005AFB0C /* AppDelegate.h */,
				BE2ACD821D00469E005AFB0C /* AppDelegate.m */,
				BE2ACD841D00469E005AFB0C /* ViewController.h */,
				BE2ACD851D00469E005AFB0C /* ViewController.m */,
				BE2ACD871D00469E005AFB0C /* Main.storyboard */,
				BE2ACD8A1D00469E005AFB0C /* Assets.xcassets */,
				BE2ACD8C1D00469E005AFB0C /* LaunchScreen.storyboard */,
				BE2ACD8F1D00469E005AFB0C /* Info.plist */,
				BE2ACD7E1D00469E005AFB0C /* Supporting Files */,
			);
			path = CocoaPodsDemo;
			sourceTree = "<group>";
		};
		BE2ACD7E1D00469E005AFB0C /* Supporting Files */ = {
			isa = PBXGroup;
			children = (
				BE2ACD7F1D00469E005AFB0C /* main.m */,
			);
			name = "Supporting Files";
			sourceTree = "<group>";
		};
/* End PBXGroup section */

/* Begin PBXNativeTarget section */
		BE2ACD7A1D00469E005AFB0C /* CocoaPodsDemo */ = {
			isa = PBXNativeTarget;
			buildConfigurationList = BE2ACD921D00469E005AFB0C /* Build configuration list for PBXNativeTarget "CocoaPodsDemo" */;
			buildPhases = (
				64B18BE68B313BC5C310FCE0 /* 📦 Check Pods Manifest.lock */,
				BE2ACD771D00469E005AFB0C /* Sources */,
				BE2ACD781D00469E005AFB0C /* Frameworks */,
				BE2ACD791D00469E005AFB0C /* Resources */,
				21DC0AFB7C24C863D76B1110 /* 📦 Embed Pods Frameworks */,
				1A081D78415BB433B846BF2B /* 📦 Copy Pods Resources */,
			);
			buildRules = (
			);
			dependencies = (
			);
			name = CocoaPodsDemo;
			productName = CocoaPodsDemo;
			productReference = BE2ACD7B1D00469E005AFB0C /* CocoaPodsDemo.app */;
			productType = "com.apple.product-type.application";
		};
/* End PBXNativeTarget section */

/* Begin PBXProject section */
		BE2ACD731D00469E005AFB0C /* Project object */ = {
			isa = PBXProject;
			attributes = {
				LastUpgradeCheck = 0730;
				ORGANIZATIONNAME = mac;
				TargetAttributes = {
					BE2ACD7A1D00469E005AFB0C = {
						CreatedOnToolsVersion = 7.3.1;
					};
				};
			};
			buildConfigurationList = BE2ACD761D00469E005AFB0C /* Build configuration list for PBXProject "CocoaPodsDemo" */;
			compatibilityVersion = "Xcode 3.2";
			developmentRegion = English;
			hasScannedForEncodings = 0;
			knownRegions = (
				en,
				Base,
			);
			mainGroup = BE2ACD721D00469E005AFB0C;
			productRefGroup = BE2ACD7C1D00469E005AFB0C /* Products */;
			projectDirPath = "";
			projectRoot = "";
			targets = (
				BE2ACD7A1D00469E005AFB0C /* CocoaPodsDemo */,
			);
		};
/* End PBXProject section */

/* Begin PBXResourcesBuildPhase section */
		BE2ACD791D00469E005AFB0C /* Resources */ = {
			isa = PBXResourcesBuildPhase;
			buildActionMask = 2147483647;
			files = (
				BE2ACD8E1D00469E005AFB0C /* LaunchScreen.storyboard in Resources */,
				BE2ACD8B1D00469E005AFB0C /* Assets.xcassets in Resources */,
				BE2ACD891D00469E005AFB0C /* Main.storyboard in Resources */,
			);
			runOnlyForDeploymentPostprocessing = 0;
		};
/* End PBXResourcesBuildPhase section */

/* Begin PBXShellScriptBuildPhase section */
		1A081D78415BB433B846BF2B /* 📦 Copy Pods Resources */ = {
			isa = PBXShellScriptBuildPhase;
			buildActionMask = 2147483647;
			files = (
			);
			inputPaths = (
			);
			name = "📦 Copy Pods Resources";
			outputPaths = (
			);
			runOnlyForDeploymentPostprocessing = 0;
			shellPath = /bin/sh;
			shellScript = "\"${SRCROOT}/Pods/Target Support Files/Pods-CocoaPodsDemo/Pods-CocoaPodsDemo-resources.sh\"\n";
			showEnvVarsInLog = 0;
		};
		21DC0AFB7C24C863D76B1110 /* 📦 Embed Pods Frameworks */ = {
			isa = PBXShellScriptBuildPhase;
			buildActionMask = 2147483647;
			files = (
			);
			inputPaths = (
			);
			name = "📦 Embed Pods Frameworks";
			outputPaths = (
			);
			runOnlyForDeploymentPostprocessing = 0;
			shellPath = /bin/sh;
			shellScript = "\"${SRCROOT}/Pods/Target Support Files/Pods-CocoaPodsDemo/Pods-CocoaPodsDemo-frameworks.sh\"\n";
			showEnvVarsInLog = 0;
		};
		64B18BE68B313BC5C310FCE0 /* 📦 Check Pods Manifest.lock */ = {
			isa = PBXShellScriptBuildPhase;
			buildActionMask = 2147483647;
			files = (
			);
			inputPaths = (
			);
			name = "📦 Check Pods Manifest.lock";
			outputPaths = (
			);
			runOnlyForDeploymentPostprocessing = 0;
			shellPath = /bin/sh;
			shellScript = "diff \"${PODS_ROOT}/../Podfile.lock\" \"${PODS_ROOT}/Manifest.lock\" > /dev/null\nif [[ $? != 0 ]] ; then\n    cat << EOM\nerror: The sandbox is not in sync with the Podfile.lock. Run 'pod install' or update your CocoaPods installation.\nEOM\n    exit 1\nfi\n";
			showEnvVarsInLog = 0;
		};
/* End PBXShellScriptBuildPhase section */

/* Begin PBXSourcesBuildPhase section */
		BE2ACD771D00469E005AFB0C /* Sources */ = {
			isa = PBXSourcesBuildPhase;
			buildActionMask = 2147483647;
			files = (
				BE2ACD861D00469E005AFB0C /* ViewController.m in Sources */,
				BE2ACD831D00469E005AFB0C /* AppDelegate.m in Sources */,
				BE2ACD801D00469E005AFB0C /* main.m in Sources */,
			);
			runOnlyForDeploymentPostprocessing = 0;
		};
/* End PBXSourcesBuildPhase section */

/* Begin PBXVariantGroup section */
		BE2ACD871D00469E005AFB0C /* Main.storyboard */ = {
			isa = PBXVariantGroup;
			children = (
				BE2ACD881D00469E005AFB0C /* Base */,
			);
			name = Main.storyboard;
			sourceTree = "<group>";
		};
		BE2ACD8C1D00469E005AFB0C /* LaunchScreen.storyboard */ = {
			isa = PBXVariantGroup;
			children = (
				BE2ACD8D1D00469E005AFB0C /* Base */,
			);
			name = LaunchScreen.storyboard;
			sourceTree = "<group>";
		};
/* End PBXVariantGroup section */

/* Begin XCBuildConfiguration section */
		BE2ACD901D00469E005AFB0C /* Debug */ = {
			isa = XCBuildConfiguration;
			buildSettings = {
				ALWAYS_SEARCH_USER_PATHS = NO;
				CLANG_ANALYZER_NONNULL = YES;
				CLANG_CXX_LANGUAGE_STANDARD = "gnu++0x";
				CLANG_CXX_LIBRARY = "libc++";
				CLANG_ENABLE_MODULES = YES;
				CLANG_ENABLE_OBJC_ARC = YES;
				CLANG_WARN_BOOL_CONVERSION = YES;
				CLANG_WARN_CONSTANT_CONVERSION = YES;
				CLANG_WARN_DIRECT_OBJC_ISA_USAGE = YES_ERROR;
				CLANG_WARN_EMPTY_BODY = YES;
				CLANG_WARN_ENUM_CONVERSION = YES;
				CLANG_WARN_INT_CONVERSION = YES;
				CLANG_WARN_OBJC_ROOT_CLASS = YES_ERROR;
				CLANG_WARN_UNREACHABLE_CODE = YES;
				CLANG_WARN__DUPLICATE_METHOD_MATCH = YES;
				"CODE_SIGN_IDENTITY[sdk=iphoneos*]" = "iPhone Developer";
				COPY_PHASE_STRIP = NO;
				DEBUG_INFORMATION_FORMAT = dwarf;
				ENABLE_STRICT_OBJC_MSGSEND = YES;
				ENABLE_TESTABILITY = YES;
				GCC_C_LANGUAGE_STANDARD = gnu99;
				GCC_DYNAMIC_NO_PIC = NO;
				GCC_NO_COMMON_BLOCKS = YES;
				GCC_OPTIMIZATION_LEVEL = 0;
				GCC_PREPROCESSOR_DEFINITIONS = (
					"DEBUG=1",
					"$(inherited)",
				);
				GCC_WARN_64_TO_32_BIT_CONVERSION = YES;
				GCC_WARN_ABOUT_RETURN_TYPE = YES_ERROR;
				GCC_WARN_UNDECLARED_SELECTOR = YES;
				GCC_WARN_UNINITIALIZED_AUTOS = YES_AGGRESSIVE;
				GCC_WARN_UNUSED_FUNCTION = YES;
				GCC_WARN_UNUSED_VARIABLE = YES;
				IPHONEOS_DEPLOYMENT_TARGET = 9.3;
				MTL_ENABLE_DEBUG_INFO = YES;
				ONLY_ACTIVE_ARCH = YES;
				SDKROOT = iphoneos;
			};
			name = Debug;
		};
		BE2ACD911D00469E005AFB0C /* Release */ = {
			isa = XCBuildConfiguration;
			buildSettings = {
				ALWAYS_SEARCH_USER_PATHS = NO;
				CLANG_ANALYZER_NONNULL = YES;
				CLANG_CXX_LANGUAGE_STANDARD = "gnu++0x";
				CLANG_CXX_LIBRARY = "libc++";
				CLANG_ENABLE_MODULES = YES;
				CLANG_ENABLE_OBJC_ARC = YES;
				CLANG_WARN_BOOL_CONVERSION = YES;
				CLANG_WARN_CONSTANT_CONVERSION = YES;
				CLANG_WARN_DIRECT_OBJC_ISA_USAGE = YES_ERROR;
				CLANG_WARN_EMPTY_BODY = YES;
				CLANG_WARN_ENUM_CONVERSION = YES;
				CLANG_WARN_INT_CONVERSION = YES;
				CLANG_WARN_OBJC_ROOT_CLASS = YES_ERROR;
				CLANG_WARN_UNREACHABLE_CODE = YES;
				CLANG_WARN__DUPLICATE_METHOD_MATCH = YES;
				"CODE_SIGN_IDENTITY[sdk=iphoneos*]" = "iPhone Developer";
				COPY_PHASE_STRIP = NO;
				DEBUG_INFORMATION_FORMAT = "dwarf-with-dsym";
				ENABLE_NS_ASSERTIONS = NO;
				ENABLE_STRICT_OBJC_MSGSEND = YES;
				GCC_C_LANGUAGE_STANDARD = gnu99;
				GCC_NO_COMMON_BLOCKS = YES;
				GCC_WARN_64_TO_32_BIT_CONVERSION = YES;
				GCC_WARN_ABOUT_RETURN_TYPE = YES_ERROR;
				GCC_WARN_UNDECLARED_SELECTOR = YES;
				GCC_WARN_UNINITIALIZED_AUTOS = YES_AGGRESSIVE;
				GCC_WARN_UNUSED_FUNCTION = YES;
				GCC_WARN_UNUSED_VARIABLE = YES;
				IPHONEOS_DEPLOYMENT_TARGET = 9.3;
				MTL_ENABLE_DEBUG_INFO = NO;
				SDKROOT = iphoneos;
				VALIDATE_PRODUCT = YES;
			};
			name = Release;
		};
		BE2ACD931D00469E005AFB0C /* Debug */ = {
			isa = XCBuildConfiguration;
			baseConfigurationReference = 3D4E413962968A0340647CF8 /* Pods-CocoaPodsDemo.debug.xcconfig */;
			buildSettings = {
				ASSETCATALOG_COMPILER_APPICON_NAME = AppIcon;
				INFOPLIST_FILE = CocoaPodsDemo/Info.plist;
				LD_RUNPATH_SEARCH_PATHS = "$(inherited) @executable_path/Frameworks";
				PRODUCT_BUNDLE_IDENTIFIER = com.timanetworks.CocoaPodsDemo;
				PRODUCT_NAME = "$(TARGET_NAME)";
			};
			name = Debug;
		};
		BE2ACD941D00469E005AFB0C /* Release */ = {
			isa = XCBuildConfiguration;
			baseConfigurationReference = 4CE800CBFA09A196A92C6D48 /* Pods-CocoaPodsDemo.release.xcconfig */;
			buildSettings = {
				ASSETCATALOG_COMPILER_APPICON_NAME = AppIcon;
				INFOPLIST_FILE = CocoaPodsDemo/Info.plist;
				LD_RUNPATH_SEARCH_PATHS = "$(inherited) @executable_path/Frameworks";
				PRODUCT_BUNDLE_IDENTIFIER = com.timanetworks.CocoaPodsDemo;
				PRODUCT_NAME = "$(TARGET_NAME)";
			};
			name = Release;
		};
/* End XCBuildConfiguration section */

/* Begin XCConfigurationList section */
		BE2ACD761D00469E005AFB0C /* Build configuration list for PBXProject "CocoaPodsDemo" */ = {
			isa = XCConfigurationList;
			buildConfigurations = (
				BE2ACD901D00469E005AFB0C /* Debug */,
				BE2ACD911D00469E005AFB0C /* Release */,
			);
			defaultConfigurationIsVisible = 0;
			defaultConfigurationName = Release;
		};
		BE2ACD921D00469E005AFB0C /* Build configuration list for PBXNativeTarget "CocoaPodsDemo" */ = {
			isa = XCConfigurationList;
			buildConfigurations = (
				BE2ACD931D00469E005AFB0C /* Debug */,
				BE2ACD941D00469E005AFB0C /* Release */,
			);
			defaultConfigurationIsVisible = 0;
			defaultConfigurationName = Release;
		};
/* End XCConfigurationList section */
	};
	rootObject = BE2ACD731D00469E005AFB0C /* Project object */;
}
